// !$*UTF8*$!
{
	archiveVersion = 1;
	classes = {
	};
	objectVersion = 50;
	objects = {

/* Begin PBXBuildFile section */
		B194330A2244FDDA00B581BA /* AppDelegate.m in Sources */ = {isa = PBXBuildFile; fileRef = B19433092244FDDA00B581BA /* AppDelegate.m */; };
		B194330D2244FDDA00B581BA /* ViewController.m in Sources */ = {isa = PBXBuildFile; fileRef = B194330C2244FDDA00B581BA /* ViewController.m */; };
		B19433102244FDDA00B581BA /* Main.storyboard in Resources */ = {isa = PBXBuildFile; fileRef = B194330E2244FDDA00B581BA /* Main.storyboard */; };
		B19433122244FDDD00B581BA /* Assets.xcassets in Resources */ = {isa = PBXBuildFile; fileRef = B19433112244FDDD00B581BA /* Assets.xcassets */; };
		B19433152244FDDD00B581BA /* LaunchScreen.storyboard in Resources */ = {isa = PBXBuildFile; fileRef = B19433132244FDDD00B581BA /* LaunchScreen.storyboard */; };
		B19433182244FDDD00B581BA /* main.m in Sources */ = {isa = PBXBuildFile; fileRef = B19433172244FDDD00B581BA /* main.m */; };
		B19433222244FDDD00B581BA /* network_sync_async_webViewTests.m in Sources */ = {isa = PBXBuildFile; fileRef = B19433212244FDDD00B581BA /* network_sync_async_webViewTests.m */; };
		B194332D2244FDDD00B581BA /* network_sync_async_webViewUITests.m in Sources */ = {isa = PBXBuildFile; fileRef = B194332C2244FDDD00B581BA /* network_sync_async_webViewUITests.m */; };
/* End PBXBuildFile section */

/* Begin PBXContainerItemProxy section */
		B194331E2244FDDD00B581BA /* PBXContainerItemProxy */ = {
			isa = PBXContainerItemProxy;
			containerPortal = B19432FD2244FDDA00B581BA /* Project object */;
			proxyType = 1;
			remoteGlobalIDString = B19433042244FDDA00B581BA;
			remoteInfo = network_sync_async_webView;
		};
		B19433292244FDDD00B581BA /* PBXContainerItemProxy */ = {
			isa = PBXContainerItemProxy;
			containerPortal = B19432FD2244FDDA00B581BA /* Project object */;
			proxyType = 1;
			remoteGlobalIDString = B19433042244FDDA00B581BA;
			remoteInfo = network_sync_async_webView;
		};
/* End PBXContainerItemProxy section */

/* Begin PBXFileReference section */
		B19433052244FDDA00B581BA /* network_sync_async_webView.app */ = {isa = PBXFileReference; explicitFileType = wrapper.application; includeInIndex = 0; path = network_sync_async_webView.app; sourceTree = BUILT_PRODUCTS_DIR; };
		B19433082244FDDA00B581BA /* AppDelegate.h */ = {isa = PBXFileReference; lastKnownFileType = sourcecode.c.h; path = AppDelegate.h; sourceTree = "<group>"; };
		B19433092244FDDA00B581BA /* AppDelegate.m */ = {isa = PBXFileReference; lastKnownFileType = sourcecode.c.objc; path = AppDelegate.m; sourceTree = "<group>"; };
		B194330B2244FDDA00B581BA /* ViewController.h */ = {isa = PBXFileReference; lastKnownFileType = sourcecode.c.h; path = ViewController.h; sourceTree = "<group>"; };
		B194330C2244FDDA00B581BA /* ViewController.m */ = {isa = PBXFileReference; lastKnownFileType = sourcecode.c.objc; path = ViewController.m; sourceTree = "<group>"; };
		B194330F2244FDDA00B581BA /* Base */ = {isa = PBXFileReference; lastKnownFileType = file.storyboard; name = Base; path = Base.lproj/Main.storyboard; sourceTree = "<group>"; };
		B19433112244FDDD00B581BA /* Assets.xcassets */ = {isa = PBXFileReference; lastKnownFileType = folder.assetcatalog; path = Assets.xcassets; sourceTree = "<group>"; };
		B19433142244FDDD00B581BA /* Base */ = {isa = PBXFileReference; lastKnownFileType = file.storyboard; name = Base; path = Base.lproj/LaunchScreen.storyboard; sourceTree = "<group>"; };
		B19433162244FDDD00B581BA /* Info.plist */ = {isa = PBXFileReference; lastKnownFileType = text.plist.xml; path = Info.plist; sourceTree = "<group>"; };
		B19433172244FDDD00B581BA /* main.m */ = {isa = PBXFileReference; lastKnownFileType = sourcecode.c.objc; path = main.m; sourceTree = "<group>"; };
		B194331D2244FDDD00B581BA /* network_sync_async_webViewTests.xctest */ = {isa = PBXFileReference; explicitFileType = wrapper.cfbundle; includeInIndex = 0; path = network_sync_async_webViewTests.xctest; sourceTree = BUILT_PRODUCTS_DIR; };
		B19433212244FDDD00B581BA /* network_sync_async_webViewTests.m */ = {isa = PBXFileReference; lastKnownFileType = sourcecode.c.objc; path = network_sync_async_webViewTests.m; sourceTree = "<group>"; };
		B19433232244FDDD00B581BA /* Info.plist */ = {isa = PBXFileReference; lastKnownFileType = text.plist.xml; path = Info.plist; sourceTree = "<group>"; };
		B19433282244FDDD00B581BA /* network_sync_async_webViewUITests.xctest */ = {isa = PBXFileReference; explicitFileType = wrapper.cfbundle; includeInIndex = 0; path = network_sync_async_webViewUITests.xctest; sourceTree = BUILT_PRODUCTS_DIR; };
		B194332C2244FDDD00B581BA /* network_sync_async_webViewUITests.m */ = {isa = PBXFileReference; lastKnownFileType = sourcecode.c.objc; path = network_sync_async_webViewUITests.m; sourceTree = "<group>"; };
		B194332E2244FDDD00B581BA /* Info.plist */ = {isa = PBXFileReference; lastKnownFileType = text.plist.xml; path = Info.plist; sourceTree = "<group>"; };
/* End PBXFileReference section */

/* Begin PBXFrameworksBuildPhase section */
		B19433022244FDDA00B581BA /* Frameworks */ = {
			isa = PBXFrameworksBuildPhase;
			buildActionMask = 2147483647;
			files = (
			);
			runOnlyForDeploymentPostprocessing = 0;
		};
		B194331A2244FDDD00B581BA /* Frameworks */ = {
			isa = PBXFrameworksBuildPhase;
			buildActionMask = 2147483647;
			files = (
			);
			runOnlyForDeploymentPostprocessing = 0;
		};
		B19433252244FDDD00B581BA /* Frameworks */ = {
			isa = PBXFrameworksBuildPhase;
			buildActionMask = 2147483647;
			files = (
			);
			runOnlyForDeploymentPostprocessing = 0;
		};
/* End PBXFrameworksBuildPhase section */

/* Begin PBXGroup section */
		B19432FC2244FDDA00B581BA = {
			isa = PBXGroup;
			children = (
				B19433072244FDDA00B581BA /* network_sync_async_webView */,
				B19433202244FDDD00B581BA /* network_sync_async_webViewTests */,
				B194332B2244FDDD00B581BA /* network_sync_async_webViewUITests */,
				B19433062244FDDA00B581BA /* Products */,
			);
			sourceTree = "<group>";
		};
		B19433062244FDDA00B581BA /* Products */ = {
			isa = PBXGroup;
			children = (
				B19433052244FDDA00B581BA /* network_sync_async_webView.app */,
				B194331D2244FDDD00B581BA /* network_sync_async_webViewTests.xctest */,
				B19433282244FDDD00B581BA /* network_sync_async_webViewUITests.xctest */,
			);
			name = Products;
			sourceTree = "<group>";
		};
		B19433072244FDDA00B581BA /* network_sync_async_webView */ = {
			isa = PBXGroup;
			children = (
				B19433082244FDDA00B581BA /* AppDelegate.h */,
				B19433092244FDDA00B581BA /* AppDelegate.m */,
				B194330B2244FDDA00B581BA /* ViewController.h */,
				B194330C2244FDDA00B581BA /* ViewController.m */,
				B194330E2244FDDA00B581BA /* Main.storyboard */,
				B19433112244FDDD00B581BA /* Assets.xcassets */,
				B19433132244FDDD00B581BA /* LaunchScreen.storyboard */,
				B19433162244FDDD00B581BA /* Info.plist */,
				B19433172244FDDD00B581BA /* main.m */,
			);
			path = network_sync_async_webView;
			sourceTree = "<group>";
		};
		B19433202244FDDD00B581BA /* network_sync_async_webViewTests */ = {
			isa = PBXGroup;
			children = (
				B19433212244FDDD00B581BA /* network_sync_async_webViewTests.m */,
				B19433232244FDDD00B581BA /* Info.plist */,
			);
			path = network_sync_async_webViewTests;
			sourceTree = "<group>";
		};
		B194332B2244FDDD00B581BA /* network_sync_async_webViewUITests */ = {
			isa = PBXGroup;
			children = (
				B194332C2244FDDD00B581BA /* network_sync_async_webViewUITests.m */,
				B194332E2244FDDD00B581BA /* Info.plist */,
			);
			path = network_sync_async_webViewUITests;
			sourceTree = "<group>";
		};
/* End PBXGroup section */

/* Begin PBXNativeTarget section */
		B19433042244FDDA00B581BA /* network_sync_async_webView */ = {
			isa = PBXNativeTarget;
			buildConfigurationList = B19433312244FDDD00B581BA /* Build configuration list for PBXNativeTarget "network_sync_async_webView" */;
			buildPhases = (
				B19433012244FDDA00B581BA /* Sources */,
				B19433022244FDDA00B581BA /* Frameworks */,
				B19433032244FDDA00B581BA /* Resources */,
			);
			buildRules = (
			);
			dependencies = (
			);
			name = network_sync_async_webView;
			productName = network_sync_async_webView;
			productReference = B19433052244FDDA00B581BA /* network_sync_async_webView.app */;
			productType = "com.apple.product-type.application";
		};
		B194331C2244FDDD00B581BA /* network_sync_async_webViewTests */ = {
			isa = PBXNativeTarget;
			buildConfigurationList = B19433342244FDDD00B581BA /* Build configuration list for PBXNativeTarget "network_sync_async_webViewTests" */;
			buildPhases = (
				B19433192244FDDD00B581BA /* Sources */,
				B194331A2244FDDD00B581BA /* Frameworks */,
				B194331B2244FDDD00B581BA /* Resources */,
			);
			buildRules = (
			);
			dependencies = (
				B194331F2244FDDD00B581BA /* PBXTargetDependency */,
			);
			name = network_sync_async_webViewTests;
			productName = network_sync_async_webViewTests;
			productReference = B194331D2244FDDD00B581BA /* network_sync_async_webViewTests.xctest */;
			productType = "com.apple.product-type.bundle.unit-test";
		};
		B19433272244FDDD00B581BA /* network_sync_async_webViewUITests */ = {
			isa = PBXNativeTarget;
			buildConfigurationList = B19433372244FDDD00B581BA /* Build configuration list for PBXNativeTarget "network_sync_async_webViewUITests" */;
			buildPhases = (
				B19433242244FDDD00B581BA /* Sources */,
				B19433252244FDDD00B581BA /* Frameworks */,
				B19433262244FDDD00B581BA /* Resources */,
			);
			buildRules = (
			);
			dependencies = (
				B194332A2244FDDD00B581BA /* PBXTargetDependency */,
			);
			name = network_sync_async_webViewUITests;
			productName = network_sync_async_webViewUITests;
			productReference = B19433282244FDDD00B581BA /* network_sync_async_webViewUITests.xctest */;
			productType = "com.apple.product-type.bundle.ui-testing";
		};
/* End PBXNativeTarget section */

/* Begin PBXProject section */
		B19432FD2244FDDA00B581BA /* Project object */ = {
			isa = PBXProject;
			attributes = {
				LastUpgradeCheck = 1010;
				ORGANIZATIONNAME = "Esraa Mohamed";
				TargetAttributes = {
					B19433042244FDDA00B581BA = {
						CreatedOnToolsVersion = 10.1;
					};
					B194331C2244FDDD00B581BA = {
						CreatedOnToolsVersion = 10.1;
						TestTargetID = B19433042244FDDA00B581BA;
					};
					B19433272244FDDD00B581BA = {
						CreatedOnToolsVersion = 10.1;
						TestTargetID = B19433042244FDDA00B581BA;
					};
				};
			};
			buildConfigurationList = B19433002244FDDA00B581BA /* Build configuration list for PBXProject "network_sync_async_webView" */;
			compatibilityVersion = "Xcode 9.3";
			developmentRegion = en;
			hasScannedForEncodings = 0;
			knownRegions = (
				en,
				Base,
			);
			mainGroup = B19432FC2244FDDA00B581BA;
			productRefGroup = B19433062244FDDA00B581BA /* Products */;
			projectDirPath = "";
			projectRoot = "";
			targets = (
				B19433042244FDDA00B581BA /* network_sync_async_webView */,
				B194331C2244FDDD00B581BA /* network_sync_async_webViewTests */,
				B19433272244FDDD00B581BA /* network_sync_async_webViewUITests */,
			);
		};
/* End PBXProject section */

/* Begin PBXResourcesBuildPhase section */
		B19433032244FDDA00B581BA /* Resources */ = {
			isa = PBXResourcesBuildPhase;
			buildActionMask = 2147483647;
			files = (
				B19433152244FDDD00B581BA /* LaunchScreen.storyboard in Resources */,
				B19433122244FDDD00B581BA /* Assets.xcassets in Resources */,
				B19433102244FDDA00B581BA /* Main.storyboard in Resources */,
			);
			runOnlyForDeploymentPostprocessing = 0;
		};
		B194331B2244FDDD00B581BA /* Resources */ = {
			isa = PBXResourcesBuildPhase;
			buildActionMask = 2147483647;
			files = (
			);
			runOnlyForDeploymentPostprocessing = 0;
		};
		B19433262244FDDD00B581BA /* Resources */ = {
			isa = PBXResourcesBuildPhase;
			buildActionMask = 2147483647;
			files = (
			);
			runOnlyForDeploymentPostprocessing = 0;
		};
/* End PBXResourcesBuildPhase section */

/* Begin PBXSourcesBuildPhase section */
		B19433012244FDDA00B581BA /* Sources */ = {
			isa = PBXSourcesBuildPhase;
			buildActionMask = 2147483647;
			files = (
				B194330D2244FDDA00B581BA /* ViewController.m in Sources */,
				B19433182244FDDD00B581BA /* main.m in Sources */,
				B194330A2244FDDA00B581BA /* AppDelegate.m in Sources */,
			);
			runOnlyForDeploymentPostprocessing = 0;
		};
		B19433192244FDDD00B581BA /* Sources */ = {
			isa = PBXSourcesBuildPhase;
			buildActionMask = 2147483647;
			files = (
				B19433222244FDDD00B581BA /* network_sync_async_webViewTests.m in Sources */,
			);
			runOnlyForDeploymentPostprocessing = 0;
		};
		B19433242244FDDD00B581BA /* Sources */ = {
			isa = PBXSourcesBuildPhase;
			buildActionMask = 2147483647;
			files = (
				B194332D2244FDDD00B581BA /* network_sync_async_webViewUITests.m in Sources */,
			);
			runOnlyForDeploymentPostprocessing = 0;
		};
/* End PBXSourcesBuildPhase section */

/* Begin PBXTargetDependency section */
		B194331F2244FDDD00B581BA /* PBXTargetDependency */ = {
			isa = PBXTargetDependency;
			target = B19433042244FDDA00B581BA /* network_sync_async_webView */;
			targetProxy = B194331E2244FDDD00B581BA /* PBXContainerItemProxy */;
		};
		B194332A2244FDDD00B581BA /* PBXTargetDependency */ = {
			isa = PBXTargetDependency;
			target = B19433042244FDDA00B581BA /* network_sync_async_webView */;
			targetProxy = B19433292244FDDD00B581BA /* PBXContainerItemProxy */;
		};
/* End PBXTargetDependency section */

/* Begin PBXVariantGroup section */
		B194330E2244FDDA00B581BA /* Main.storyboard */ = {
			isa = PBXVariantGroup;
			children = (
				B194330F2244FDDA00B581BA /* Base */,
			);
			name = Main.storyboard;
			sourceTree = "<group>";
		};
		B19433132244FDDD00B581BA /* LaunchScreen.storyboard */ = {
			isa = PBXVariantGroup;
			children = (
				B19433142244FDDD00B581BA /* Base */,
			);
			name = LaunchScreen.storyboard;
			sourceTree = "<group>";
		};
/* End PBXVariantGroup section */

/* Begin XCBuildConfiguration section */
		B194332F2244FDDD00B581BA /* Debug */ = {
			isa = XCBuildConfiguration;
			buildSettings = {
				ALWAYS_SEARCH_USER_PATHS = NO;
				CLANG_ANALYZER_NONNULL = YES;
				CLANG_ANALYZER_NUMBER_OBJECT_CONVERSION = YES_AGGRESSIVE;
				CLANG_CXX_LANGUAGE_STANDARD = "gnu++14";
				CLANG_CXX_LIBRARY = "libc++";
				CLANG_ENABLE_MODULES = YES;
				CLANG_ENABLE_OBJC_ARC = YES;
				CLANG_ENABLE_OBJC_WEAK = YES;
				CLANG_WARN_BLOCK_CAPTURE_AUTORELEASING = YES;
				CLANG_WARN_BOOL_CONVERSION = YES;
				CLANG_WARN_COMMA = YES;
				CLANG_WARN_CONSTANT_CONVERSION = YES;
				CLANG_WARN_DEPRECATED_OBJC_IMPLEMENTATIONS = YES;
				CLANG_WARN_DIRECT_OBJC_ISA_USAGE = YES_ERROR;
				CLANG_WARN_DOCUMENTATION_COMMENTS = YES;
				CLANG_WARN_EMPTY_BODY = YES;
				CLANG_WARN_ENUM_CONVERSION = YES;
				CLANG_WARN_INFINITE_RECURSION = YES;
				CLANG_WARN_INT_CONVERSION = YES;
				CLANG_WARN_NON_LITERAL_NULL_CONVERSION = YES;
				CLANG_WARN_OBJC_IMPLICIT_RETAIN_SELF = YES;
				CLANG_WARN_OBJC_LITERAL_CONVERSION = YES;
				CLANG_WARN_OBJC_ROOT_CLASS = YES_ERROR;
				CLANG_WARN_RANGE_LOOP_ANALYSIS = YES;
				CLANG_WARN_STRICT_PROTOTYPES = YES;
				CLANG_WARN_SUSPICIOUS_MOVE = YES;
				CLANG_WARN_UNGUARDED_AVAILABILITY = YES_AGGRESSIVE;
				CLANG_WARN_UNREACHABLE_CODE = YES;
				CLANG_WARN__DUPLICATE_METHOD_MATCH = YES;
				CODE_SIGN_IDENTITY = "iPhone Developer";
				COPY_PHASE_STRIP = NO;
				DEBUG_INFORMATION_FORMAT = dwarf;
				ENABLE_STRICT_OBJC_MSGSEND = YES;
				ENABLE_TESTABILITY = YES;
				GCC_C_LANGUAGE_STANDARD = gnu11;
				GCC_DYNAMIC_NO_PIC = NO;
				GCC_NO_COMMON_BLOCKS = YES;
				GCC_OPTIMIZATION_LEVEL = 0;
				GCC_PREPROCESSOR_DEFINITIONS = (
					"DEBUG=1",
					"$(inherited)",
				);
				GCC_WARN_64_TO_32_BIT_CONVERSION = YES;
				GCC_WARN_ABOUT_RETURN_TYPE = YES_ERROR;
				GCC_WARN_UNDECLARED_SELECTOR = YES;
				GCC_WARN_UNINITIALIZED_AUTOS = YES_AGGRESSIVE;
				GCC_WARN_UNUSED_FUNCTION = YES;
				GCC_WARN_UNUSED_VARIABLE = YES;
				IPHONEOS_DEPLOYMENT_TARGET = 12.1;
				MTL_ENABLE_DEBUG_INFO = INCLUDE_SOURCE;
				MTL_FAST_MATH = YES;
				ONLY_ACTIVE_ARCH = YES;
				SDKROOT = iphoneos;
			};
			name = Debug;
		};
		B19433302244FDDD00B581BA /* Release */ = {
			isa = XCBuildConfiguration;
			buildSettings = {
				ALWAYS_SEARCH_USER_PATHS = NO;
				CLANG_ANALYZER_NONNULL = YES;
				CLANG_ANALYZER_NUMBER_OBJECT_CONVERSION = YES_AGGRESSIVE;
				CLANG_CXX_LANGUAGE_STANDARD = "gnu++14";
				CLANG_CXX_LIBRARY = "libc++";
				CLANG_ENABLE_MODULES = YES;
				CLANG_ENABLE_OBJC_ARC = YES;
				CLANG_ENABLE_OBJC_WEAK = YES;
				CLANG_WARN_BLOCK_CAPTURE_AUTORELEASING = YES;
				CLANG_WARN_BOOL_CONVERSION = YES;
				CLANG_WARN_COMMA = YES;
				CLANG_WARN_CONSTANT_CONVERSION = YES;
				CLANG_WARN_DEPRECATED_OBJC_IMPLEMENTATIONS = YES;
				CLANG_WARN_DIRECT_OBJC_ISA_USAGE = YES_ERROR;
				CLANG_WARN_DOCUMENTATION_COMMENTS = YES;
				CLANG_WARN_EMPTY_BODY = YES;
				CLANG_WARN_ENUM_CONVERSION = YES;
				CLANG_WARN_INFINITE_RECURSION = YES;
				CLANG_WARN_INT_CONVERSION = YES;
				CLANG_WARN_NON_LITERAL_NULL_CONVERSION = YES;
				CLANG_WARN_OBJC_IMPLICIT_RETAIN_SELF = YES;
				CLANG_WARN_OBJC_LITERAL_CONVERSION = YES;
				CLANG_WARN_OBJC_ROOT_CLASS = YES_ERROR;
				CLANG_WARN_RANGE_LOOP_ANALYSIS = YES;
				CLANG_WARN_STRICT_PROTOTYPES = YES;
				CLANG_WARN_SUSPICIOUS_MOVE = YES;
				CLANG_WARN_UNGUARDED_AVAILABILITY = YES_AGGRESSIVE;
				CLANG_WARN_UNREACHABLE_CODE = YES;
				CLANG_WARN__DUPLICATE_METHOD_MATCH = YES;
				CODE_SIGN_IDENTITY = "iPhone Developer";
				COPY_PHASE_STRIP = NO;
				DEBUG_INFORMATION_FORMAT = "dwarf-with-dsym";
				ENABLE_NS_ASSERTIONS = NO;
				ENABLE_STRICT_OBJC_MSGSEND = YES;
				GCC_C_LANGUAGE_STANDARD = gnu11;
				GCC_NO_COMMON_BLOCKS = YES;
				GCC_WARN_64_TO_32_BIT_CONVERSION = YES;
				GCC_WARN_ABOUT_RETURN_TYPE = YES_ERROR;
				GCC_WARN_UNDECLARED_SELECTOR = YES;
				GCC_WARN_UNINITIALIZED_AUTOS = YES_AGGRESSIVE;
				GCC_WARN_UNUSED_FUNCTION = YES;
				GCC_WARN_UNUSED_VARIABLE = YES;
				IPHONEOS_DEPLOYMENT_TARGET = 12.1;
				MTL_ENABLE_DEBUG_INFO = NO;
				MTL_FAST_MATH = YES;
				SDKROOT = iphoneos;
				VALIDATE_PRODUCT = YES;
			};
			name = Release;
		};
		B19433322244FDDD00B581BA /* Debug */ = {
			isa = XCBuildConfiguration;
			buildSettings = {
				ASSETCATALOG_COMPILER_APPICON_NAME = AppIcon;
				CODE_SIGN_STYLE = Automatic;
				INFOPLIST_FILE = network_sync_async_webView/Info.plist;
				LD_RUNPATH_SEARCH_PATHS = (
					"$(inherited)",
					"@executable_path/Frameworks",
				);
				PRODUCT_BUNDLE_IDENTIFIER = "esraagamal.network-sync-async-webView";
				PRODUCT_NAME = "$(TARGET_NAME)";
				TARGETED_DEVICE_FAMILY = "1,2";
			};
			name = Debug;
		};
		B19433332244FDDD00B581BA /* Release */ = {
			isa = XCBuildConfiguration;
			buildSettings = {
				ASSETCATALOG_COMPILER_APPICON_NAME = AppIcon;
				CODE_SIGN_STYLE = Automatic;
				INFOPLIST_FILE = network_sync_async_webView/Info.plist;
				LD_RUNPATH_SEARCH_PATHS = (
					"$(inherited)",
					"@executable_path/Frameworks",
				);
				PRODUCT_BUNDLE_IDENTIFIER = "esraagamal.network-sync-async-webView";
				PRODUCT_NAME = "$(TARGET_NAME)";
				TARGETED_DEVICE_FAMILY = "1,2";
			};
			name = Release;
		};
		B19433352244FDDD00B581BA /* Debug */ = {
			isa = XCBuildConfiguration;
			buildSettings = {
				BUNDLE_LOADER = "$(TEST_HOST)";
				CODE_SIGN_STYLE = Automatic;
				INFOPLIST_FILE = network_sync_async_webViewTests/Info.plist;
				LD_RUNPATH_SEARCH_PATHS = (
					"$(inherited)",
					"@executable_path/Frameworks",
					"@loader_path/Frameworks",
				);
				PRODUCT_BUNDLE_IDENTIFIER = "esraagamal.network-sync-async-webViewTests";
				PRODUCT_NAME = "$(TARGET_NAME)";
				TARGETED_DEVICE_FAMILY = "1,2";
				TEST_HOST = "$(BUILT_PRODUCTS_DIR)/network_sync_async_webView.app/network_sync_async_webView";
			};
			name = Debug;
		};
		B19433362244FDDD00B581BA /* Release */ = {
			isa = XCBuildConfiguration;
			buildSettings = {
				BUNDLE_LOADER = "$(TEST_HOST)";
				CODE_SIGN_STYLE = Automatic;
				INFOPLIST_FILE = network_sync_async_webViewTests/Info.plist;
				LD_RUNPATH_SEARCH_PATHS = (
					"$(inherited)",
					"@executable_path/Frameworks",
					"@loader_path/Frameworks",
				);
				PRODUCT_BUNDLE_IDENTIFIER = "esraagamal.network-sync-async-webViewTests";
				PRODUCT_NAME = "$(TARGET_NAME)";
				TARGETED_DEVICE_FAMILY = "1,2";
				TEST_HOST = "$(BUILT_PRODUCTS_DIR)/network_sync_async_webView.app/network_sync_async_webView";
			};
			name = Release;
		};
		B19433382244FDDD00B581BA /* Debug */ = {
			isa = XCBuildConfiguration;
			buildSettings = {
				CODE_SIGN_STYLE = Automatic;
				INFOPLIST_FILE = network_sync_async_webViewUITests/Info.plist;
				LD_RUNPATH_SEARCH_PATHS = (
					"$(inherited)",
					"@executable_path/Frameworks",
					"@loader_path/Frameworks",
				);
				PRODUCT_BUNDLE_IDENTIFIER = "esraagamal.network-sync-async-webViewUITests";
				PRODUCT_NAME = "$(TARGET_NAME)";
				TARGETED_DEVICE_FAMILY = "1,2";
				TEST_TARGET_NAME = network_sync_async_webView;
			};
			name = Debug;
		};
		B19433392244FDDD00B581BA /* Release */ = {
			isa = XCBuildConfiguration;
			buildSettings = {
				CODE_SIGN_STYLE = Automatic;
				INFOPLIST_FILE = network_sync_async_webViewUITests/Info.plist;
				LD_RUNPATH_SEARCH_PATHS = (
					"$(inherited)",
					"@executable_path/Frameworks",
					"@loader_path/Frameworks",
				);
				PRODUCT_BUNDLE_IDENTIFIER = "esraagamal.network-sync-async-webViewUITests";
				PRODUCT_NAME = "$(TARGET_NAME)";
				TARGETED_DEVICE_FAMILY = "1,2";
				TEST_TARGET_NAME = network_sync_async_webView;
			};
			name = Release;
		};
/* End XCBuildConfiguration section */

/* Begin XCConfigurationList section */
		B19433002244FDDA00B581BA /* Build configuration list for PBXProject "network_sync_async_webView" */ = {
			isa = XCConfigurationList;
			buildConfigurations = (
				B194332F2244FDDD00B581BA /* Debug */,
				B19433302244FDDD00B581BA /* Release */,
			);
			defaultConfigurationIsVisible = 0;
			defaultConfigurationName = Release;
		};
		B19433312244FDDD00B581BA /* Build configuration list for PBXNativeTarget "network_sync_async_webView" */ = {
			isa = XCConfigurationList;
			buildConfigurations = (
				B19433322244FDDD00B581BA /* Debug */,
				B19433332244FDDD00B581BA /* Release */,
			);
			defaultConfigurationIsVisible = 0;
			defaultConfigurationName = Release;
		};
		B19433342244FDDD00B581BA /* Build configuration list for PBXNativeTarget "network_sync_async_webViewTests" */ = {
			isa = XCConfigurationList;
			buildConfigurations = (
				B19433352244FDDD00B581BA /* Debug */,
				B19433362244FDDD00B581BA /* Release */,
			);
			defaultConfigurationIsVisible = 0;
			defaultConfigurationName = Release;
		};
		B19433372244FDDD00B581BA /* Build configuration list for PBXNativeTarget "network_sync_async_webViewUITests" */ = {
			isa = XCConfigurationList;
			buildConfigurations = (
				B19433382244FDDD00B581BA /* Debug */,
				B19433392244FDDD00B581BA /* Release */,
			);
			defaultConfigurationIsVisible = 0;
			defaultConfigurationName = Release;
		};
/* End XCConfigurationList section */
	};
	rootObject = B19432FD2244FDDA00B581BA /* Project object */;
}
